
Microsoft Visual Studio Solution File, Format Version 12.00
# Visual Studio Version 17
VisualStudioVersion = 17.11.35312.102
MinimumVisualStudioVersion = 10.0.40219.1
Project("{8BC9CEB8-8B4A-11D0-8D11-00A0C91BC942}") = "Practica_EP", "Practica_EP\Practica_EP.vcxproj", "{A5BF1976-CE06-4C62-93D8-5B700E705CE8}"
EndProject
Global
	GlobalSection(SolutionConfigurationPlatforms) = preSolution
		Debug|x64 = Debug|x64
		Debug|x86 = Debug|x86
		Release|x64 = Release|x64
		Release|x86 = Release|x86
	EndGlobalSection
	GlobalSection(ProjectConfigurationPlatforms) = postSolution
		{A5BF1976-CE06-4C62-93D8-5B700E705CE8}.Debug|x64.ActiveCfg = Debug|x64
		{A5BF1976-CE06-4C62-93D8-5B700E705CE8}.Debug|x64.Build.0 = Debug|x64
		{A5BF1976-CE06-4C62-93D8-5B700E705CE8}.Debug|x86.ActiveCfg = Debug|Win32
		{A5BF1976-CE06-4C62-93D8-5B700E705CE8}.Debug|x86.Build.0 = Debug|Win32
		{A5BF1976-CE06-4C62-93D8-5B700E705CE8}.Release|x64.ActiveCfg = Release|x64
		{A5BF1976-CE06-4C62-93D8-5B700E705CE8}.Release|x64.Build.0 = Release|x64
		{A5BF1976-CE06-4C62-93D8-5B700E705CE8}.Release|x86.ActiveCfg = Release|Win32
		{A5BF1976-CE06-4C62-93D8-5B700E705CE8}.Release|x86.Build.0 = Release|Win32
	EndGlobalSection
	GlobalSection(SolutionProperties) = preSolution
		HideSolutionNode = FALSE
	EndGlobalSection
	GlobalSection(ExtensibilityGlobals) = postSolution
		SolutionGuid = {1F0F090B-6294-4963-8BDE-D8F97C68D07C}
	EndGlobalSection
EndGlobal
